
Microsoft Visual Studio Solution File, Format Version 12.00
# Visual Studio 15
VisualStudioVersion = 15.0.27428.2011
MinimumVisualStudioVersion = 10.0.40219.1
Project("{FAE04EC0-301F-11D3-BF4B-00C04F79EFBC}") = "UsersAndRewards.PL.WinForms", "UsersAndRewards.PL.WinForms\UsersAndRewards.PL.WinForms.csproj", "{E3DF1B73-6F9F-40BB-9660-8D52854E22E2}"
EndProject
Project("{FAE04EC0-301F-11D3-BF4B-00C04F79EFBC}") = "UsersAndRewards.DAL.DataLayer", "UsersAndRewards.DAL.DataLayer\UsersAndRewards.DAL.DataLayer.csproj", "{C4F74558-209C-4F93-A3DD-8B2CE052CECD}"
EndProject
Project("{FAE04EC0-301F-11D3-BF4B-00C04F79EFBC}") = "UsersAndRewards.BL.Logic", "UsersAndRewards.BL.Logic\UsersAndRewards.BL.Logic.csproj", "{6D75FED4-9DD7-4FB5-8932-45C022F89B90}"
EndProject
Project("{FAE04EC0-301F-11D3-BF4B-00C04F79EFBC}") = "UsersAndRewards.Shared", "UsersAndRewards.Shared\UsersAndRewards.Shared.csproj", "{948D47C0-9287-4A1D-97EA-903204162691}"
EndProject
Project("{FAE04EC0-301F-11D3-BF4B-00C04F79EFBC}") = "UsersAndRewards.PL.Web", "UsersAndRewards.PL.Web\UsersAndRewards.PL.Web.csproj", "{93F4B6B1-380F-4E6B-BB70-C1679E32A008}"
EndProject
Global
	GlobalSection(SolutionConfigurationPlatforms) = preSolution
		Debug|Any CPU = Debug|Any CPU
		Release|Any CPU = Release|Any CPU
	EndGlobalSection
	GlobalSection(ProjectConfigurationPlatforms) = postSolution
		{E3DF1B73-6F9F-40BB-9660-8D52854E22E2}.Debug|Any CPU.ActiveCfg = Debug|Any CPU
		{E3DF1B73-6F9F-40BB-9660-8D52854E22E2}.Debug|Any CPU.Build.0 = Debug|Any CPU
		{E3DF1B73-6F9F-40BB-9660-8D52854E22E2}.Release|Any CPU.ActiveCfg = Release|Any CPU
		{E3DF1B73-6F9F-40BB-9660-8D52854E22E2}.Release|Any CPU.Build.0 = Release|Any CPU
		{C4F74558-209C-4F93-A3DD-8B2CE052CECD}.Debug|Any CPU.ActiveCfg = Debug|Any CPU
		{C4F74558-209C-4F93-A3DD-8B2CE052CECD}.Debug|Any CPU.Build.0 = Debug|Any CPU
		{C4F74558-209C-4F93-A3DD-8B2CE052CECD}.Release|Any CPU.ActiveCfg = Release|Any CPU
		{C4F74558-209C-4F93-A3DD-8B2CE052CECD}.Release|Any CPU.Build.0 = Release|Any CPU
		{6D75FED4-9DD7-4FB5-8932-45C022F89B90}.Debug|Any CPU.ActiveCfg = Debug|Any CPU
		{6D75FED4-9DD7-4FB5-8932-45C022F89B90}.Debug|Any CPU.Build.0 = Debug|Any CPU
		{6D75FED4-9DD7-4FB5-8932-45C022F89B90}.Release|Any CPU.ActiveCfg = Release|Any CPU
		{6D75FED4-9DD7-4FB5-8932-45C022F89B90}.Release|Any CPU.Build.0 = Release|Any CPU
		{948D47C0-9287-4A1D-97EA-903204162691}.Debug|Any CPU.ActiveCfg = Debug|Any CPU
		{948D47C0-9287-4A1D-97EA-903204162691}.Debug|Any CPU.Build.0 = Debug|Any CPU
		{948D47C0-9287-4A1D-97EA-903204162691}.Release|Any CPU.ActiveCfg = Release|Any CPU
		{948D47C0-9287-4A1D-97EA-903204162691}.Release|Any CPU.Build.0 = Release|Any CPU
		{93F4B6B1-380F-4E6B-BB70-C1679E32A008}.Debug|Any CPU.ActiveCfg = Debug|Any CPU
		{93F4B6B1-380F-4E6B-BB70-C1679E32A008}.Debug|Any CPU.Build.0 = Debug|Any CPU
		{93F4B6B1-380F-4E6B-BB70-C1679E32A008}.Release|Any CPU.ActiveCfg = Release|Any CPU
		{93F4B6B1-380F-4E6B-BB70-C1679E32A008}.Release|Any CPU.Build.0 = Release|Any CPU
	EndGlobalSection
	GlobalSection(SolutionProperties) = preSolution
		HideSolutionNode = FALSE
	EndGlobalSection
	GlobalSection(ExtensibilityGlobals) = postSolution
		SolutionGuid = {8A8FCA09-64BD-4918-9AB8-0A1AA8029163}
	EndGlobalSection
EndGlobal
