
Microsoft Visual Studio Solution File, Format Version 12.00
# Visual Studio 15
VisualStudioVersion = 15.0.27428.2005
MinimumVisualStudioVersion = 10.0.40219.1
Project("{FAE04EC0-301F-11D3-BF4B-00C04F79EFBC}") = "Task1", "Task1\Task1.csproj", "{F343F984-E76F-4679-9354-4F1497A1B0ED}"
EndProject
Project("{FAE04EC0-301F-11D3-BF4B-00C04F79EFBC}") = "Task2", "Task2\Task2.csproj", "{DF03F35C-5CFA-4AA7-8B15-5A7719A93C66}"
EndProject
Project("{FAE04EC0-301F-11D3-BF4B-00C04F79EFBC}") = "PreTest_Demo", "PreTest_Demo\PreTest_Demo.csproj", "{5EE5BF31-8B41-4710-A2A6-1A11020F9CE3}"
EndProject
Global
	GlobalSection(SolutionConfigurationPlatforms) = preSolution
		Debug|Any CPU = Debug|Any CPU
		Release|Any CPU = Release|Any CPU
	EndGlobalSection
	GlobalSection(ProjectConfigurationPlatforms) = postSolution
		{F343F984-E76F-4679-9354-4F1497A1B0ED}.Debug|Any CPU.ActiveCfg = Debug|Any CPU
		{F343F984-E76F-4679-9354-4F1497A1B0ED}.Debug|Any CPU.Build.0 = Debug|Any CPU
		{F343F984-E76F-4679-9354-4F1497A1B0ED}.Release|Any CPU.ActiveCfg = Release|Any CPU
		{F343F984-E76F-4679-9354-4F1497A1B0ED}.Release|Any CPU.Build.0 = Release|Any CPU
		{DF03F35C-5CFA-4AA7-8B15-5A7719A93C66}.Debug|Any CPU.ActiveCfg = Debug|Any CPU
		{DF03F35C-5CFA-4AA7-8B15-5A7719A93C66}.Debug|Any CPU.Build.0 = Debug|Any CPU
		{DF03F35C-5CFA-4AA7-8B15-5A7719A93C66}.Release|Any CPU.ActiveCfg = Release|Any CPU
		{DF03F35C-5CFA-4AA7-8B15-5A7719A93C66}.Release|Any CPU.Build.0 = Release|Any CPU
		{5EE5BF31-8B41-4710-A2A6-1A11020F9CE3}.Debug|Any CPU.ActiveCfg = Debug|Any CPU
		{5EE5BF31-8B41-4710-A2A6-1A11020F9CE3}.Debug|Any CPU.Build.0 = Debug|Any CPU
		{5EE5BF31-8B41-4710-A2A6-1A11020F9CE3}.Release|Any CPU.ActiveCfg = Release|Any CPU
		{5EE5BF31-8B41-4710-A2A6-1A11020F9CE3}.Release|Any CPU.Build.0 = Release|Any CPU
	EndGlobalSection
	GlobalSection(SolutionProperties) = preSolution
		HideSolutionNode = FALSE
	EndGlobalSection
	GlobalSection(ExtensibilityGlobals) = postSolution
		SolutionGuid = {335AD5C1-C494-4152-AA74-9D6404246E93}
	EndGlobalSection
EndGlobal
